
Microsoft Visual Studio Solution File, Format Version 12.00
# Visual Studio Version 17
VisualStudioVersion = 17.2.32616.157
MinimumVisualStudioVersion = 10.0.40219.1
Project("{FAE04EC0-301F-11D3-BF4B-00C04F79EFBC}") = "crudApp", "crudApp\crudApp.csproj", "{AF86B1BE-2E78-4F99-B9E2-F2A1615697AB}"
EndProject
Global
	GlobalSection(SolutionConfigurationPlatforms) = preSolution
		Debug|Any CPU = Debug|Any CPU
		Release|Any CPU = Release|Any CPU
	EndGlobalSection
	GlobalSection(ProjectConfigurationPlatforms) = postSolution
		{AF86B1BE-2E78-4F99-B9E2-F2A1615697AB}.Debug|Any CPU.ActiveCfg = Debug|Any CPU
		{AF86B1BE-2E78-4F99-B9E2-F2A1615697AB}.Debug|Any CPU.Build.0 = Debug|Any CPU
		{AF86B1BE-2E78-4F99-B9E2-F2A1615697AB}.Release|Any CPU.ActiveCfg = Release|Any CPU
		{AF86B1BE-2E78-4F99-B9E2-F2A1615697AB}.Release|Any CPU.Build.0 = Release|Any CPU
	EndGlobalSection
	GlobalSection(SolutionProperties) = preSolution
		HideSolutionNode = FALSE
	EndGlobalSection
	GlobalSection(ExtensibilityGlobals) = postSolution
		SolutionGuid = {06790E35-FCA1-43CF-BED8-890EE1E26445}
	EndGlobalSection
EndGlobal
